
Microsoft Visual Studio Solution File, Format Version 12.00
# Visual Studio Version 16
VisualStudioVersion = 16.0.31005.135
MinimumVisualStudioVersion = 10.0.40219.1
Project("{FAE04EC0-301F-11D3-BF4B-00C04F79EFBC}") = "Oefeningen 25_2", "Oefeningen 25_2\Oefeningen 25_2.csproj", "{B29FB9FF-1E26-4F63-89AB-8E2DAD94E5DE}"
EndProject
Project("{FAE04EC0-301F-11D3-BF4B-00C04F79EFBC}") = "Oefening2", "Oefening2\Oefening2.csproj", "{9ADC9FAA-39A3-4409-9194-1B6E15C27663}"
EndProject
Project("{FAE04EC0-301F-11D3-BF4B-00C04F79EFBC}") = "Oefening3", "ConsoleApp1\Oefening3.csproj", "{6FC1AD64-6215-45F5-B1A1-97FF9D8771EF}"
EndProject
Project("{FAE04EC0-301F-11D3-BF4B-00C04F79EFBC}") = "Oefening4", "Oefening4\Oefening4.csproj", "{FDDEC583-790D-4192-9122-67D9645BA026}"
EndProject
Project("{FAE04EC0-301F-11D3-BF4B-00C04F79EFBC}") = "Oefening 5", "Oefening 5\Oefening 5.csproj", "{CCCAF324-D011-46AC-B23E-CCA9C54394F5}"
EndProject
Project("{FAE04EC0-301F-11D3-BF4B-00C04F79EFBC}") = "Oefening6", "Oefening6\Oefening6.csproj", "{F0A72D69-EFAF-4C6A-99E4-27EE6DA40D7A}"
EndProject
Project("{FAE04EC0-301F-11D3-BF4B-00C04F79EFBC}") = "Oefening7", "Oefening7\Oefening7.csproj", "{E3E075D6-8A39-4E31-8A50-DB16F4F3D944}"
EndProject
Project("{FAE04EC0-301F-11D3-BF4B-00C04F79EFBC}") = "Oefening 8", "Oefening 8\Oefening 8.csproj", "{A7D358FD-D378-4B1C-B45A-05C2D68BA86F}"
EndProject
Project("{FAE04EC0-301F-11D3-BF4B-00C04F79EFBC}") = "Oefening9", "Oefening9\Oefening9.csproj", "{B9C7D881-BF61-49C0-A5F6-69D8475547D6}"
EndProject
Project("{FAE04EC0-301F-11D3-BF4B-00C04F79EFBC}") = "Oefening10", "Oefening10\Oefening10.csproj", "{73B391EE-1237-4C3A-85EF-D505337F2998}"
EndProject
Project("{FAE04EC0-301F-11D3-BF4B-00C04F79EFBC}") = "Oefening11", "Oefening11\Oefening11.csproj", "{ADAFD825-F99A-4227-98F5-9AB646A81029}"
EndProject
Global
	GlobalSection(SolutionConfigurationPlatforms) = preSolution
		Debug|Any CPU = Debug|Any CPU
		Release|Any CPU = Release|Any CPU
	EndGlobalSection
	GlobalSection(ProjectConfigurationPlatforms) = postSolution
		{B29FB9FF-1E26-4F63-89AB-8E2DAD94E5DE}.Debug|Any CPU.ActiveCfg = Debug|Any CPU
		{B29FB9FF-1E26-4F63-89AB-8E2DAD94E5DE}.Debug|Any CPU.Build.0 = Debug|Any CPU
		{B29FB9FF-1E26-4F63-89AB-8E2DAD94E5DE}.Release|Any CPU.ActiveCfg = Release|Any CPU
		{B29FB9FF-1E26-4F63-89AB-8E2DAD94E5DE}.Release|Any CPU.Build.0 = Release|Any CPU
		{9ADC9FAA-39A3-4409-9194-1B6E15C27663}.Debug|Any CPU.ActiveCfg = Debug|Any CPU
		{9ADC9FAA-39A3-4409-9194-1B6E15C27663}.Debug|Any CPU.Build.0 = Debug|Any CPU
		{9ADC9FAA-39A3-4409-9194-1B6E15C27663}.Release|Any CPU.ActiveCfg = Release|Any CPU
		{9ADC9FAA-39A3-4409-9194-1B6E15C27663}.Release|Any CPU.Build.0 = Release|Any CPU
		{6FC1AD64-6215-45F5-B1A1-97FF9D8771EF}.Debug|Any CPU.ActiveCfg = Debug|Any CPU
		{6FC1AD64-6215-45F5-B1A1-97FF9D8771EF}.Debug|Any CPU.Build.0 = Debug|Any CPU
		{6FC1AD64-6215-45F5-B1A1-97FF9D8771EF}.Release|Any CPU.ActiveCfg = Release|Any CPU
		{6FC1AD64-6215-45F5-B1A1-97FF9D8771EF}.Release|Any CPU.Build.0 = Release|Any CPU
		{FDDEC583-790D-4192-9122-67D9645BA026}.Debug|Any CPU.ActiveCfg = Debug|Any CPU
		{FDDEC583-790D-4192-9122-67D9645BA026}.Debug|Any CPU.Build.0 = Debug|Any CPU
		{FDDEC583-790D-4192-9122-67D9645BA026}.Release|Any CPU.ActiveCfg = Release|Any CPU
		{FDDEC583-790D-4192-9122-67D9645BA026}.Release|Any CPU.Build.0 = Release|Any CPU
		{CCCAF324-D011-46AC-B23E-CCA9C54394F5}.Debug|Any CPU.ActiveCfg = Debug|Any CPU
		{CCCAF324-D011-46AC-B23E-CCA9C54394F5}.Debug|Any CPU.Build.0 = Debug|Any CPU
		{CCCAF324-D011-46AC-B23E-CCA9C54394F5}.Release|Any CPU.ActiveCfg = Release|Any CPU
		{CCCAF324-D011-46AC-B23E-CCA9C54394F5}.Release|Any CPU.Build.0 = Release|Any CPU
		{F0A72D69-EFAF-4C6A-99E4-27EE6DA40D7A}.Debug|Any CPU.ActiveCfg = Debug|Any CPU
		{F0A72D69-EFAF-4C6A-99E4-27EE6DA40D7A}.Debug|Any CPU.Build.0 = Debug|Any CPU
		{F0A72D69-EFAF-4C6A-99E4-27EE6DA40D7A}.Release|Any CPU.ActiveCfg = Release|Any CPU
		{F0A72D69-EFAF-4C6A-99E4-27EE6DA40D7A}.Release|Any CPU.Build.0 = Release|Any CPU
		{E3E075D6-8A39-4E31-8A50-DB16F4F3D944}.Debug|Any CPU.ActiveCfg = Debug|Any CPU
		{E3E075D6-8A39-4E31-8A50-DB16F4F3D944}.Debug|Any CPU.Build.0 = Debug|Any CPU
		{E3E075D6-8A39-4E31-8A50-DB16F4F3D944}.Release|Any CPU.ActiveCfg = Release|Any CPU
		{E3E075D6-8A39-4E31-8A50-DB16F4F3D944}.Release|Any CPU.Build.0 = Release|Any CPU
		{A7D358FD-D378-4B1C-B45A-05C2D68BA86F}.Debug|Any CPU.ActiveCfg = Debug|Any CPU
		{A7D358FD-D378-4B1C-B45A-05C2D68BA86F}.Debug|Any CPU.Build.0 = Debug|Any CPU
		{A7D358FD-D378-4B1C-B45A-05C2D68BA86F}.Release|Any CPU.ActiveCfg = Release|Any CPU
		{A7D358FD-D378-4B1C-B45A-05C2D68BA86F}.Release|Any CPU.Build.0 = Release|Any CPU
		{B9C7D881-BF61-49C0-A5F6-69D8475547D6}.Debug|Any CPU.ActiveCfg = Debug|Any CPU
		{B9C7D881-BF61-49C0-A5F6-69D8475547D6}.Debug|Any CPU.Build.0 = Debug|Any CPU
		{B9C7D881-BF61-49C0-A5F6-69D8475547D6}.Release|Any CPU.ActiveCfg = Release|Any CPU
		{B9C7D881-BF61-49C0-A5F6-69D8475547D6}.Release|Any CPU.Build.0 = Release|Any CPU
		{73B391EE-1237-4C3A-85EF-D505337F2998}.Debug|Any CPU.ActiveCfg = Debug|Any CPU
		{73B391EE-1237-4C3A-85EF-D505337F2998}.Debug|Any CPU.Build.0 = Debug|Any CPU
		{73B391EE-1237-4C3A-85EF-D505337F2998}.Release|Any CPU.ActiveCfg = Release|Any CPU
		{73B391EE-1237-4C3A-85EF-D505337F2998}.Release|Any CPU.Build.0 = Release|Any CPU
		{ADAFD825-F99A-4227-98F5-9AB646A81029}.Debug|Any CPU.ActiveCfg = Debug|Any CPU
		{ADAFD825-F99A-4227-98F5-9AB646A81029}.Debug|Any CPU.Build.0 = Debug|Any CPU
		{ADAFD825-F99A-4227-98F5-9AB646A81029}.Release|Any CPU.ActiveCfg = Release|Any CPU
		{ADAFD825-F99A-4227-98F5-9AB646A81029}.Release|Any CPU.Build.0 = Release|Any CPU
	EndGlobalSection
	GlobalSection(SolutionProperties) = preSolution
		HideSolutionNode = FALSE
	EndGlobalSection
	GlobalSection(ExtensibilityGlobals) = postSolution
		SolutionGuid = {114E0CB3-70AA-4330-8739-45F33B8E3DAA}
	EndGlobalSection
EndGlobal
